
Microsoft Visual Studio Solution File, Format Version 12.00
# Visual Studio Version 16
VisualStudioVersion = 16.0.30711.63
MinimumVisualStudioVersion = 10.0.40219.1
Project("{FAE04EC0-301F-11D3-BF4B-00C04F79EFBC}") = "MartinBartos.Analyzers", "MartinBartos.Analyzers\MartinBartos.Analyzers\MartinBartos.Analyzers.csproj", "{3D3697B1-1FBC-407E-BF65-32429CB40BB8}"
EndProject
Project("{FAE04EC0-301F-11D3-BF4B-00C04F79EFBC}") = "MartinBartos.Analyzers.CodeFixes", "MartinBartos.Analyzers\MartinBartos.Analyzers.CodeFixes\MartinBartos.Analyzers.CodeFixes.csproj", "{45951675-FAD2-490E-8A16-09434980C2B3}"
EndProject
Project("{FAE04EC0-301F-11D3-BF4B-00C04F79EFBC}") = "MartinBartos.Analyzers.Package", "MartinBartos.Analyzers\MartinBartos.Analyzers.Package\MartinBartos.Analyzers.Package.csproj", "{15119DC1-CEDB-4D10-A173-FF9AFD8CBAB6}"
EndProject
Project("{FAE04EC0-301F-11D3-BF4B-00C04F79EFBC}") = "MartinBartos.Analyzers.Test", "MartinBartos.Analyzers\MartinBartos.Analyzers.Test\MartinBartos.Analyzers.Test.csproj", "{6E5BD00B-9089-44BA-A9C2-DB73D0ECB342}"
EndProject
Project("{FAE04EC0-301F-11D3-BF4B-00C04F79EFBC}") = "MartinBartos.Analyzers.Vsix", "MartinBartos.Analyzers\MartinBartos.Analyzers.Vsix\MartinBartos.Analyzers.Vsix.csproj", "{140A699D-8B3E-49A0-9FD8-50911AB5F2C3}"
EndProject
Global
	GlobalSection(SolutionConfigurationPlatforms) = preSolution
		Debug|Any CPU = Debug|Any CPU
		Release|Any CPU = Release|Any CPU
	EndGlobalSection
	GlobalSection(ProjectConfigurationPlatforms) = postSolution
		{3D3697B1-1FBC-407E-BF65-32429CB40BB8}.Debug|Any CPU.ActiveCfg = Debug|Any CPU
		{3D3697B1-1FBC-407E-BF65-32429CB40BB8}.Debug|Any CPU.Build.0 = Debug|Any CPU
		{3D3697B1-1FBC-407E-BF65-32429CB40BB8}.Release|Any CPU.ActiveCfg = Release|Any CPU
		{3D3697B1-1FBC-407E-BF65-32429CB40BB8}.Release|Any CPU.Build.0 = Release|Any CPU
		{45951675-FAD2-490E-8A16-09434980C2B3}.Debug|Any CPU.ActiveCfg = Debug|Any CPU
		{45951675-FAD2-490E-8A16-09434980C2B3}.Debug|Any CPU.Build.0 = Debug|Any CPU
		{45951675-FAD2-490E-8A16-09434980C2B3}.Release|Any CPU.ActiveCfg = Release|Any CPU
		{45951675-FAD2-490E-8A16-09434980C2B3}.Release|Any CPU.Build.0 = Release|Any CPU
		{15119DC1-CEDB-4D10-A173-FF9AFD8CBAB6}.Debug|Any CPU.ActiveCfg = Debug|Any CPU
		{15119DC1-CEDB-4D10-A173-FF9AFD8CBAB6}.Debug|Any CPU.Build.0 = Debug|Any CPU
		{15119DC1-CEDB-4D10-A173-FF9AFD8CBAB6}.Release|Any CPU.ActiveCfg = Release|Any CPU
		{15119DC1-CEDB-4D10-A173-FF9AFD8CBAB6}.Release|Any CPU.Build.0 = Release|Any CPU
		{6E5BD00B-9089-44BA-A9C2-DB73D0ECB342}.Debug|Any CPU.ActiveCfg = Debug|Any CPU
		{6E5BD00B-9089-44BA-A9C2-DB73D0ECB342}.Debug|Any CPU.Build.0 = Debug|Any CPU
		{6E5BD00B-9089-44BA-A9C2-DB73D0ECB342}.Release|Any CPU.ActiveCfg = Release|Any CPU
		{6E5BD00B-9089-44BA-A9C2-DB73D0ECB342}.Release|Any CPU.Build.0 = Release|Any CPU
		{140A699D-8B3E-49A0-9FD8-50911AB5F2C3}.Debug|Any CPU.ActiveCfg = Debug|Any CPU
		{140A699D-8B3E-49A0-9FD8-50911AB5F2C3}.Debug|Any CPU.Build.0 = Debug|Any CPU
		{140A699D-8B3E-49A0-9FD8-50911AB5F2C3}.Release|Any CPU.ActiveCfg = Release|Any CPU
		{140A699D-8B3E-49A0-9FD8-50911AB5F2C3}.Release|Any CPU.Build.0 = Release|Any CPU
	EndGlobalSection
	GlobalSection(SolutionProperties) = preSolution
		HideSolutionNode = FALSE
	EndGlobalSection
	GlobalSection(ExtensibilityGlobals) = postSolution
		SolutionGuid = {4A24F3D2-E11A-4E61-9A60-24F053A5BD7D}
	EndGlobalSection
EndGlobal
